
Microsoft Visual Studio Solution File, Format Version 12.00
# Visual Studio Version 17
VisualStudioVersion = 17.3.32819.101
MinimumVisualStudioVersion = 10.0.40219.1
Project("{FAE04EC0-301F-11D3-BF4B-00C04F79EFBC}") = "ExAluno", "ExAluno\ExAluno.csproj", "{613BD704-8370-49C9-91CC-7EC854EA46BA}"
EndProject
Global
	GlobalSection(SolutionConfigurationPlatforms) = preSolution
		Debug|Any CPU = Debug|Any CPU
		Release|Any CPU = Release|Any CPU
	EndGlobalSection
	GlobalSection(ProjectConfigurationPlatforms) = postSolution
		{613BD704-8370-49C9-91CC-7EC854EA46BA}.Debug|Any CPU.ActiveCfg = Debug|Any CPU
		{613BD704-8370-49C9-91CC-7EC854EA46BA}.Debug|Any CPU.Build.0 = Debug|Any CPU
		{613BD704-8370-49C9-91CC-7EC854EA46BA}.Release|Any CPU.ActiveCfg = Release|Any CPU
		{613BD704-8370-49C9-91CC-7EC854EA46BA}.Release|Any CPU.Build.0 = Release|Any CPU
	EndGlobalSection
	GlobalSection(SolutionProperties) = preSolution
		HideSolutionNode = FALSE
	EndGlobalSection
	GlobalSection(ExtensibilityGlobals) = postSolution
		SolutionGuid = {AAB32913-F29A-4D81-951F-3C4166B6F30B}
	EndGlobalSection
EndGlobal
